
Microsoft Visual Studio Solution File, Format Version 11.00
# Visual Studio 2010
Project("{FAE04EC0-301F-11D3-BF4B-00C04F79EFBC}") = "mdws", "mdws\mdws.csproj", "{B103EB8C-786E-40A4-B49F-91C585ACE032}"
EndProject
Project("{2CFEAB61-6A3B-4EB8-B523-560B4BEEF521}") = "mdws.csproj_deploy", "mdws.csproj_deploy\mdws.csproj_deploy.wdproj", "{26352670-EAF1-4EF6-B37A-94F355DFAC2E}"
EndProject
Project("{FAE04EC0-301F-11D3-BF4B-00C04F79EFBC}") = "mdo", "..\mdo\mdo\mdo.csproj", "{47016C54-EA0E-4DDD-8073-AA9C01BE68F2}"
EndProject
Project("{930C7802-8A8C-48F9-8165-68863BCCD9DD}") = "mdws-setup", "mdws-setup\mdws-setup.wixproj", "{042B25D1-088D-4D77-8A1F-60BC08D85F09}"
	ProjectSection(ProjectDependencies) = postProject
		{47016C54-EA0E-4DDD-8073-AA9C01BE68F2} = {47016C54-EA0E-4DDD-8073-AA9C01BE68F2}
		{26352670-EAF1-4EF6-B37A-94F355DFAC2E} = {26352670-EAF1-4EF6-B37A-94F355DFAC2E}
	EndProjectSection
EndProject
Project("{FAE04EC0-301F-11D3-BF4B-00C04F79EFBC}") = "ConsoleApplication1", "..\mdo\ConsoleApplication1\ConsoleApplication1.csproj", "{BA1F60CD-502F-4384-A287-45EA6D2697FA}"
EndProject
Global
	GlobalSection(SolutionConfigurationPlatforms) = preSolution
		Debug|Any CPU = Debug|Any CPU
		Debug|Mixed Platforms = Debug|Mixed Platforms
		Debug|x86 = Debug|x86
		LiveRun|Any CPU = LiveRun|Any CPU
		LiveRun|Mixed Platforms = LiveRun|Mixed Platforms
		LiveRun|x86 = LiveRun|x86
		Release|Any CPU = Release|Any CPU
		Release|Mixed Platforms = Release|Mixed Platforms
		Release|x86 = Release|x86
		VEHU-local|Any CPU = VEHU-local|Any CPU
		VEHU-local|Mixed Platforms = VEHU-local|Mixed Platforms
		VEHU-local|x86 = VEHU-local|x86
	EndGlobalSection
	GlobalSection(ProjectConfigurationPlatforms) = postSolution
		{B103EB8C-786E-40A4-B49F-91C585ACE032}.Debug|Any CPU.ActiveCfg = Debug|Any CPU
		{B103EB8C-786E-40A4-B49F-91C585ACE032}.Debug|Any CPU.Build.0 = Debug|Any CPU
		{B103EB8C-786E-40A4-B49F-91C585ACE032}.Debug|Mixed Platforms.ActiveCfg = Debug|Any CPU
		{B103EB8C-786E-40A4-B49F-91C585ACE032}.Debug|Mixed Platforms.Build.0 = Debug|Any CPU
		{B103EB8C-786E-40A4-B49F-91C585ACE032}.Debug|x86.ActiveCfg = Debug|Any CPU
		{B103EB8C-786E-40A4-B49F-91C585ACE032}.LiveRun|Any CPU.ActiveCfg = TestRun|Any CPU
		{B103EB8C-786E-40A4-B49F-91C585ACE032}.LiveRun|Any CPU.Build.0 = TestRun|Any CPU
		{B103EB8C-786E-40A4-B49F-91C585ACE032}.LiveRun|Mixed Platforms.ActiveCfg = TestRun|Any CPU
		{B103EB8C-786E-40A4-B49F-91C585ACE032}.LiveRun|x86.ActiveCfg = TestRun|Any CPU
		{B103EB8C-786E-40A4-B49F-91C585ACE032}.Release|Any CPU.ActiveCfg = Release|Any CPU
		{B103EB8C-786E-40A4-B49F-91C585ACE032}.Release|Any CPU.Build.0 = Release|Any CPU
		{B103EB8C-786E-40A4-B49F-91C585ACE032}.Release|Mixed Platforms.ActiveCfg = Release|Any CPU
		{B103EB8C-786E-40A4-B49F-91C585ACE032}.Release|Mixed Platforms.Build.0 = Release|Any CPU
		{B103EB8C-786E-40A4-B49F-91C585ACE032}.Release|x86.ActiveCfg = Release|Any CPU
		{B103EB8C-786E-40A4-B49F-91C585ACE032}.VEHU-local|Any CPU.ActiveCfg = VEHU-local|Any CPU
		{B103EB8C-786E-40A4-B49F-91C585ACE032}.VEHU-local|Any CPU.Build.0 = VEHU-local|Any CPU
		{B103EB8C-786E-40A4-B49F-91C585ACE032}.VEHU-local|Mixed Platforms.ActiveCfg = VEHU-local|Any CPU
		{B103EB8C-786E-40A4-B49F-91C585ACE032}.VEHU-local|Mixed Platforms.Build.0 = VEHU-local|Any CPU
		{B103EB8C-786E-40A4-B49F-91C585ACE032}.VEHU-local|x86.ActiveCfg = VEHU-local|Any CPU
		{18F9C759-0D5E-47F7-AFF0-21625E450F96}.Debug|Any CPU.ActiveCfg = Debug|Any CPU
		{18F9C759-0D5E-47F7-AFF0-21625E450F96}.Debug|Any CPU.Build.0 = Debug|Any CPU
		{18F9C759-0D5E-47F7-AFF0-21625E450F96}.Debug|Mixed Platforms.ActiveCfg = Debug|Any CPU
		{18F9C759-0D5E-47F7-AFF0-21625E450F96}.Debug|Mixed Platforms.Build.0 = Debug|Any CPU
		{18F9C759-0D5E-47F7-AFF0-21625E450F96}.Debug|x86.ActiveCfg = Debug|Any CPU
		{18F9C759-0D5E-47F7-AFF0-21625E450F96}.LiveRun|Any CPU.ActiveCfg = TestRun|Any CPU
		{18F9C759-0D5E-47F7-AFF0-21625E450F96}.LiveRun|Any CPU.Build.0 = TestRun|Any CPU
		{18F9C759-0D5E-47F7-AFF0-21625E450F96}.LiveRun|Mixed Platforms.ActiveCfg = TestRun|Any CPU
		{18F9C759-0D5E-47F7-AFF0-21625E450F96}.LiveRun|x86.ActiveCfg = TestRun|Any CPU
		{18F9C759-0D5E-47F7-AFF0-21625E450F96}.Release|Any CPU.ActiveCfg = Release|Any CPU
		{18F9C759-0D5E-47F7-AFF0-21625E450F96}.Release|Any CPU.Build.0 = Release|Any CPU
		{18F9C759-0D5E-47F7-AFF0-21625E450F96}.Release|Mixed Platforms.ActiveCfg = Release|Any CPU
		{18F9C759-0D5E-47F7-AFF0-21625E450F96}.Release|x86.ActiveCfg = Release|Any CPU
		{18F9C759-0D5E-47F7-AFF0-21625E450F96}.VEHU-local|Any CPU.ActiveCfg = VEHU-local|Any CPU
		{18F9C759-0D5E-47F7-AFF0-21625E450F96}.VEHU-local|Any CPU.Build.0 = VEHU-local|Any CPU
		{18F9C759-0D5E-47F7-AFF0-21625E450F96}.VEHU-local|Mixed Platforms.ActiveCfg = VEHU-local|Any CPU
		{18F9C759-0D5E-47F7-AFF0-21625E450F96}.VEHU-local|x86.ActiveCfg = VEHU-local|Any CPU
		{26352670-EAF1-4EF6-B37A-94F355DFAC2E}.Debug|Any CPU.ActiveCfg = Debug|Any CPU
		{26352670-EAF1-4EF6-B37A-94F355DFAC2E}.Debug|Mixed Platforms.ActiveCfg = Debug|Any CPU
		{26352670-EAF1-4EF6-B37A-94F355DFAC2E}.Debug|x86.ActiveCfg = Debug|Any CPU
		{26352670-EAF1-4EF6-B37A-94F355DFAC2E}.LiveRun|Any CPU.ActiveCfg = Release|Any CPU
		{26352670-EAF1-4EF6-B37A-94F355DFAC2E}.LiveRun|Any CPU.Build.0 = Release|Any CPU
		{26352670-EAF1-4EF6-B37A-94F355DFAC2E}.LiveRun|Mixed Platforms.ActiveCfg = Release|Any CPU
		{26352670-EAF1-4EF6-B37A-94F355DFAC2E}.LiveRun|x86.ActiveCfg = Release|Any CPU
		{26352670-EAF1-4EF6-B37A-94F355DFAC2E}.Release|Any CPU.ActiveCfg = Release|Any CPU
		{26352670-EAF1-4EF6-B37A-94F355DFAC2E}.Release|Any CPU.Build.0 = Release|Any CPU
		{26352670-EAF1-4EF6-B37A-94F355DFAC2E}.Release|Mixed Platforms.ActiveCfg = Release|Any CPU
		{26352670-EAF1-4EF6-B37A-94F355DFAC2E}.Release|x86.ActiveCfg = Release|Any CPU
		{26352670-EAF1-4EF6-B37A-94F355DFAC2E}.VEHU-local|Any CPU.ActiveCfg = Release|Any CPU
		{26352670-EAF1-4EF6-B37A-94F355DFAC2E}.VEHU-local|Any CPU.Build.0 = Release|Any CPU
		{26352670-EAF1-4EF6-B37A-94F355DFAC2E}.VEHU-local|Mixed Platforms.ActiveCfg = Release|Any CPU
		{26352670-EAF1-4EF6-B37A-94F355DFAC2E}.VEHU-local|x86.ActiveCfg = Release|Any CPU
		{47016C54-EA0E-4DDD-8073-AA9C01BE68F2}.Debug|Any CPU.ActiveCfg = Debug|Any CPU
		{47016C54-EA0E-4DDD-8073-AA9C01BE68F2}.Debug|Any CPU.Build.0 = Debug|Any CPU
		{47016C54-EA0E-4DDD-8073-AA9C01BE68F2}.Debug|Mixed Platforms.ActiveCfg = Debug|Any CPU
		{47016C54-EA0E-4DDD-8073-AA9C01BE68F2}.Debug|Mixed Platforms.Build.0 = Debug|Any CPU
		{47016C54-EA0E-4DDD-8073-AA9C01BE68F2}.Debug|x86.ActiveCfg = Debug|Any CPU
		{47016C54-EA0E-4DDD-8073-AA9C01BE68F2}.LiveRun|Any CPU.ActiveCfg = LiveRun|Any CPU
		{47016C54-EA0E-4DDD-8073-AA9C01BE68F2}.LiveRun|Any CPU.Build.0 = LiveRun|Any CPU
		{47016C54-EA0E-4DDD-8073-AA9C01BE68F2}.LiveRun|Mixed Platforms.ActiveCfg = LiveRun|Any CPU
		{47016C54-EA0E-4DDD-8073-AA9C01BE68F2}.LiveRun|x86.ActiveCfg = LiveRun|Any CPU
		{47016C54-EA0E-4DDD-8073-AA9C01BE68F2}.Release|Any CPU.ActiveCfg = Release|Any CPU
		{47016C54-EA0E-4DDD-8073-AA9C01BE68F2}.Release|Any CPU.Build.0 = Release|Any CPU
		{47016C54-EA0E-4DDD-8073-AA9C01BE68F2}.Release|Mixed Platforms.ActiveCfg = Release|Any CPU
		{47016C54-EA0E-4DDD-8073-AA9C01BE68F2}.Release|Mixed Platforms.Build.0 = Release|Any CPU
		{47016C54-EA0E-4DDD-8073-AA9C01BE68F2}.Release|x86.ActiveCfg = Release|Any CPU
		{47016C54-EA0E-4DDD-8073-AA9C01BE68F2}.VEHU-local|Any CPU.ActiveCfg = LiveRun|Any CPU
		{47016C54-EA0E-4DDD-8073-AA9C01BE68F2}.VEHU-local|Any CPU.Build.0 = LiveRun|Any CPU
		{47016C54-EA0E-4DDD-8073-AA9C01BE68F2}.VEHU-local|Mixed Platforms.ActiveCfg = Release|Any CPU
		{47016C54-EA0E-4DDD-8073-AA9C01BE68F2}.VEHU-local|x86.ActiveCfg = Release|Any CPU
		{53DBEFA1-2CB8-4E98-9B94-F24D5E72193F}.Debug|Any CPU.ActiveCfg = Debug|Any CPU
		{53DBEFA1-2CB8-4E98-9B94-F24D5E72193F}.Debug|Any CPU.Build.0 = Debug|Any CPU
		{53DBEFA1-2CB8-4E98-9B94-F24D5E72193F}.Debug|Mixed Platforms.ActiveCfg = Debug|Any CPU
		{53DBEFA1-2CB8-4E98-9B94-F24D5E72193F}.Debug|Mixed Platforms.Build.0 = Debug|Any CPU
		{53DBEFA1-2CB8-4E98-9B94-F24D5E72193F}.Debug|x86.ActiveCfg = Debug|Any CPU
		{53DBEFA1-2CB8-4E98-9B94-F24D5E72193F}.LiveRun|Any CPU.ActiveCfg = LiveRun|Any CPU
		{53DBEFA1-2CB8-4E98-9B94-F24D5E72193F}.LiveRun|Any CPU.Build.0 = LiveRun|Any CPU
		{53DBEFA1-2CB8-4E98-9B94-F24D5E72193F}.LiveRun|Mixed Platforms.ActiveCfg = LiveRun|Any CPU
		{53DBEFA1-2CB8-4E98-9B94-F24D5E72193F}.LiveRun|x86.ActiveCfg = LiveRun|Any CPU
		{53DBEFA1-2CB8-4E98-9B94-F24D5E72193F}.Release|Any CPU.ActiveCfg = Release|Any CPU
		{53DBEFA1-2CB8-4E98-9B94-F24D5E72193F}.Release|Any CPU.Build.0 = Release|Any CPU
		{53DBEFA1-2CB8-4E98-9B94-F24D5E72193F}.Release|Mixed Platforms.ActiveCfg = Release|Any CPU
		{53DBEFA1-2CB8-4E98-9B94-F24D5E72193F}.Release|x86.ActiveCfg = Release|Any CPU
		{53DBEFA1-2CB8-4E98-9B94-F24D5E72193F}.VEHU-local|Any CPU.ActiveCfg = LiveRun|Any CPU
		{53DBEFA1-2CB8-4E98-9B94-F24D5E72193F}.VEHU-local|Any CPU.Build.0 = LiveRun|Any CPU
		{53DBEFA1-2CB8-4E98-9B94-F24D5E72193F}.VEHU-local|Mixed Platforms.ActiveCfg = Release|Any CPU
		{53DBEFA1-2CB8-4E98-9B94-F24D5E72193F}.VEHU-local|x86.ActiveCfg = Release|Any CPU
		{E4E96428-AF15-4125-9142-609B22627860}.Debug|Any CPU.ActiveCfg = Debug|Any CPU
		{E4E96428-AF15-4125-9142-609B22627860}.Debug|Any CPU.Build.0 = Debug|Any CPU
		{E4E96428-AF15-4125-9142-609B22627860}.Debug|Mixed Platforms.ActiveCfg = Debug|Any CPU
		{E4E96428-AF15-4125-9142-609B22627860}.Debug|Mixed Platforms.Build.0 = Debug|Any CPU
		{E4E96428-AF15-4125-9142-609B22627860}.Debug|x86.ActiveCfg = Debug|Any CPU
		{E4E96428-AF15-4125-9142-609B22627860}.LiveRun|Any CPU.ActiveCfg = Release|Any CPU
		{E4E96428-AF15-4125-9142-609B22627860}.LiveRun|Any CPU.Build.0 = Release|Any CPU
		{E4E96428-AF15-4125-9142-609B22627860}.LiveRun|Mixed Platforms.ActiveCfg = Release|Any CPU
		{E4E96428-AF15-4125-9142-609B22627860}.LiveRun|x86.ActiveCfg = Release|Any CPU
		{E4E96428-AF15-4125-9142-609B22627860}.Release|Any CPU.ActiveCfg = Release|Any CPU
		{E4E96428-AF15-4125-9142-609B22627860}.Release|Any CPU.Build.0 = Release|Any CPU
		{E4E96428-AF15-4125-9142-609B22627860}.Release|Mixed Platforms.ActiveCfg = Release|Any CPU
		{E4E96428-AF15-4125-9142-609B22627860}.Release|x86.ActiveCfg = Release|Any CPU
		{E4E96428-AF15-4125-9142-609B22627860}.VEHU-local|Any CPU.ActiveCfg = Release|Any CPU
		{E4E96428-AF15-4125-9142-609B22627860}.VEHU-local|Any CPU.Build.0 = Release|Any CPU
		{E4E96428-AF15-4125-9142-609B22627860}.VEHU-local|Mixed Platforms.ActiveCfg = Release|Any CPU
		{E4E96428-AF15-4125-9142-609B22627860}.VEHU-local|x86.ActiveCfg = Release|Any CPU
		{042B25D1-088D-4D77-8A1F-60BC08D85F09}.Debug|Any CPU.ActiveCfg = Debug|x86
		{042B25D1-088D-4D77-8A1F-60BC08D85F09}.Debug|Mixed Platforms.ActiveCfg = Debug|x86
		{042B25D1-088D-4D77-8A1F-60BC08D85F09}.Debug|x86.ActiveCfg = Debug|x86
		{042B25D1-088D-4D77-8A1F-60BC08D85F09}.Debug|x86.Build.0 = Debug|x86
		{042B25D1-088D-4D77-8A1F-60BC08D85F09}.LiveRun|Any CPU.ActiveCfg = Release|x86
		{042B25D1-088D-4D77-8A1F-60BC08D85F09}.LiveRun|Mixed Platforms.ActiveCfg = Release|x86
		{042B25D1-088D-4D77-8A1F-60BC08D85F09}.LiveRun|x86.ActiveCfg = Release|x86
		{042B25D1-088D-4D77-8A1F-60BC08D85F09}.Release|Any CPU.ActiveCfg = Release|x86
		{042B25D1-088D-4D77-8A1F-60BC08D85F09}.Release|Mixed Platforms.ActiveCfg = Release|x86
		{042B25D1-088D-4D77-8A1F-60BC08D85F09}.Release|x86.ActiveCfg = Release|x86
		{042B25D1-088D-4D77-8A1F-60BC08D85F09}.Release|x86.Build.0 = Release|x86
		{042B25D1-088D-4D77-8A1F-60BC08D85F09}.VEHU-local|Any CPU.ActiveCfg = Release|x86
		{042B25D1-088D-4D77-8A1F-60BC08D85F09}.VEHU-local|Mixed Platforms.ActiveCfg = Release|x86
		{042B25D1-088D-4D77-8A1F-60BC08D85F09}.VEHU-local|Mixed Platforms.Build.0 = Release|x86
		{042B25D1-088D-4D77-8A1F-60BC08D85F09}.VEHU-local|x86.ActiveCfg = Release|x86
		{042B25D1-088D-4D77-8A1F-60BC08D85F09}.VEHU-local|x86.Build.0 = Release|x86
		{BA1F60CD-502F-4384-A287-45EA6D2697FA}.Debug|Any CPU.ActiveCfg = Debug|x86
		{BA1F60CD-502F-4384-A287-45EA6D2697FA}.Debug|Mixed Platforms.ActiveCfg = Debug|x86
		{BA1F60CD-502F-4384-A287-45EA6D2697FA}.Debug|Mixed Platforms.Build.0 = Debug|x86
		{BA1F60CD-502F-4384-A287-45EA6D2697FA}.Debug|x86.ActiveCfg = Debug|x86
		{BA1F60CD-502F-4384-A287-45EA6D2697FA}.Debug|x86.Build.0 = Debug|x86
		{BA1F60CD-502F-4384-A287-45EA6D2697FA}.LiveRun|Any CPU.ActiveCfg = Release|x86
		{BA1F60CD-502F-4384-A287-45EA6D2697FA}.LiveRun|Mixed Platforms.ActiveCfg = Release|x86
		{BA1F60CD-502F-4384-A287-45EA6D2697FA}.LiveRun|Mixed Platforms.Build.0 = Release|x86
		{BA1F60CD-502F-4384-A287-45EA6D2697FA}.LiveRun|x86.ActiveCfg = Release|x86
		{BA1F60CD-502F-4384-A287-45EA6D2697FA}.LiveRun|x86.Build.0 = Release|x86
		{BA1F60CD-502F-4384-A287-45EA6D2697FA}.Release|Any CPU.ActiveCfg = Release|x86
		{BA1F60CD-502F-4384-A287-45EA6D2697FA}.Release|Mixed Platforms.ActiveCfg = Release|x86
		{BA1F60CD-502F-4384-A287-45EA6D2697FA}.Release|Mixed Platforms.Build.0 = Release|x86
		{BA1F60CD-502F-4384-A287-45EA6D2697FA}.Release|x86.ActiveCfg = Release|x86
		{BA1F60CD-502F-4384-A287-45EA6D2697FA}.Release|x86.Build.0 = Release|x86
		{BA1F60CD-502F-4384-A287-45EA6D2697FA}.VEHU-local|Any CPU.ActiveCfg = Release|x86
		{BA1F60CD-502F-4384-A287-45EA6D2697FA}.VEHU-local|Mixed Platforms.ActiveCfg = Release|x86
		{BA1F60CD-502F-4384-A287-45EA6D2697FA}.VEHU-local|Mixed Platforms.Build.0 = Release|x86
		{BA1F60CD-502F-4384-A287-45EA6D2697FA}.VEHU-local|x86.ActiveCfg = Release|x86
		{BA1F60CD-502F-4384-A287-45EA6D2697FA}.VEHU-local|x86.Build.0 = Release|x86
	EndGlobalSection
	GlobalSection(SolutionProperties) = preSolution
		HideSolutionNode = FALSE
	EndGlobalSection
EndGlobal
